
Microsoft Visual Studio Solution File, Format Version 12.00
# Visual Studio 15
VisualStudioVersion = 15.0.26206.0
MinimumVisualStudioVersion = 10.0.40219.1
Project("{FAE04EC0-301F-11D3-BF4B-00C04F79EFBC}") = "1_1_factorial", "1_1_factorial\1_1_factorial.csproj", "{2E832C7B-FD26-4026-9EA1-1E72D2B8552A}"
EndProject
Global
	GlobalSection(SolutionConfigurationPlatforms) = preSolution
		Debug|Any CPU = Debug|Any CPU
		Release|Any CPU = Release|Any CPU
	EndGlobalSection
	GlobalSection(ProjectConfigurationPlatforms) = postSolution
		{2E832C7B-FD26-4026-9EA1-1E72D2B8552A}.Debug|Any CPU.ActiveCfg = Debug|Any CPU
		{2E832C7B-FD26-4026-9EA1-1E72D2B8552A}.Debug|Any CPU.Build.0 = Debug|Any CPU
		{2E832C7B-FD26-4026-9EA1-1E72D2B8552A}.Release|Any CPU.ActiveCfg = Release|Any CPU
		{2E832C7B-FD26-4026-9EA1-1E72D2B8552A}.Release|Any CPU.Build.0 = Release|Any CPU
	EndGlobalSection
	GlobalSection(SolutionProperties) = preSolution
		HideSolutionNode = FALSE
	EndGlobalSection
EndGlobal
