
Microsoft Visual Studio Solution File, Format Version 12.00
# Visual Studio 15
VisualStudioVersion = 15.0.26228.9
MinimumVisualStudioVersion = 10.0.40219.1
Project("{FAE04EC0-301F-11D3-BF4B-00C04F79EFBC}") = "FuncMapFilerFold", "FuncMapFilerFold\FuncMapFilerFold.csproj", "{F48FE237-D306-4718-B4F9-ED5BC8B38627}"
EndProject
Project("{FAE04EC0-301F-11D3-BF4B-00C04F79EFBC}") = "FuncMapFilerFoldTests", "FuncMapFilerFoldTests\FuncMapFilerFoldTests.csproj", "{998CD0F1-34D0-4F5C-8900-D4D16C0E39A1}"
EndProject
Global
	GlobalSection(SolutionConfigurationPlatforms) = preSolution
		Debug|Any CPU = Debug|Any CPU
		Release|Any CPU = Release|Any CPU
	EndGlobalSection
	GlobalSection(ProjectConfigurationPlatforms) = postSolution
		{F48FE237-D306-4718-B4F9-ED5BC8B38627}.Debug|Any CPU.ActiveCfg = Debug|Any CPU
		{F48FE237-D306-4718-B4F9-ED5BC8B38627}.Debug|Any CPU.Build.0 = Debug|Any CPU
		{F48FE237-D306-4718-B4F9-ED5BC8B38627}.Release|Any CPU.ActiveCfg = Release|Any CPU
		{F48FE237-D306-4718-B4F9-ED5BC8B38627}.Release|Any CPU.Build.0 = Release|Any CPU
		{998CD0F1-34D0-4F5C-8900-D4D16C0E39A1}.Debug|Any CPU.ActiveCfg = Debug|Any CPU
		{998CD0F1-34D0-4F5C-8900-D4D16C0E39A1}.Debug|Any CPU.Build.0 = Debug|Any CPU
		{998CD0F1-34D0-4F5C-8900-D4D16C0E39A1}.Release|Any CPU.ActiveCfg = Release|Any CPU
		{998CD0F1-34D0-4F5C-8900-D4D16C0E39A1}.Release|Any CPU.Build.0 = Release|Any CPU
	EndGlobalSection
	GlobalSection(SolutionProperties) = preSolution
		HideSolutionNode = FALSE
	EndGlobalSection
EndGlobal
